
Microsoft Visual Studio Solution File, Format Version 12.00
Project("{FAE04EC0-301F-11D3-BF4B-00C04F79EFBC}") = "WebApi", "WebApi\WebApi.csproj", "{FB91685B-CFC7-4AE3-914B-40858B07CDFC}"
EndProject
Project("{FAE04EC0-301F-11D3-BF4B-00C04F79EFBC}") = "WebApi.BLL", "WebApi.BLL\WebApi.BLL.csproj", "{84DF130D-1D54-4BF7-A160-4F917C19687D}"
EndProject
Project("{FAE04EC0-301F-11D3-BF4B-00C04F79EFBC}") = "WebApi.DAL", "WebApi.DAL\WebApi.DAL.csproj", "{F4D27909-7798-4732-B1DD-D21CF8951DB0}"
EndProject
Project("{FAE04EC0-301F-11D3-BF4B-00C04F79EFBC}") = "PostgresMigrator", "PostgresMigrator\PostgresMigrator.csproj", "{61491196-35E5-4E34-860C-A3E7A663D961}"
EndProject
Project("{FAE04EC0-301F-11D3-BF4B-00C04F79EFBC}") = "AuthService", "AuthService\AuthService.csproj", "{0705C4BD-3623-4493-930F-8ED7D222A46A}"
EndProject
Project("{FAE04EC0-301F-11D3-BF4B-00C04F79EFBC}") = "AuthService.BLL", "AuthService.BLL\AuthService.BLL.csproj", "{21E7E32D-5669-4838-A9BF-0A33D620D546}"
EndProject
Project("{FAE04EC0-301F-11D3-BF4B-00C04F79EFBC}") = "AuthPostgresMigrator", "AuthPostgresMigrator\AuthPostgresMigrator.csproj", "{B2251345-08F2-46B5-9A28-B8B675C2F774}"
EndProject
Project("{FAE04EC0-301F-11D3-BF4B-00C04F79EFBC}") = "AuthService.DAL", "AuthService.DAL\AuthService.DAL.csproj", "{A5C58D3C-BA25-404B-A11E-71BFC58FA16F}"
EndProject
Global
	GlobalSection(SolutionConfigurationPlatforms) = preSolution
		Debug|Any CPU = Debug|Any CPU
		Release|Any CPU = Release|Any CPU
	EndGlobalSection
	GlobalSection(ProjectConfigurationPlatforms) = postSolution
		{FB91685B-CFC7-4AE3-914B-40858B07CDFC}.Debug|Any CPU.ActiveCfg = Debug|Any CPU
		{FB91685B-CFC7-4AE3-914B-40858B07CDFC}.Debug|Any CPU.Build.0 = Debug|Any CPU
		{FB91685B-CFC7-4AE3-914B-40858B07CDFC}.Release|Any CPU.ActiveCfg = Release|Any CPU
		{FB91685B-CFC7-4AE3-914B-40858B07CDFC}.Release|Any CPU.Build.0 = Release|Any CPU
		{84DF130D-1D54-4BF7-A160-4F917C19687D}.Debug|Any CPU.ActiveCfg = Debug|Any CPU
		{84DF130D-1D54-4BF7-A160-4F917C19687D}.Debug|Any CPU.Build.0 = Debug|Any CPU
		{84DF130D-1D54-4BF7-A160-4F917C19687D}.Release|Any CPU.ActiveCfg = Release|Any CPU
		{84DF130D-1D54-4BF7-A160-4F917C19687D}.Release|Any CPU.Build.0 = Release|Any CPU
		{F4D27909-7798-4732-B1DD-D21CF8951DB0}.Debug|Any CPU.ActiveCfg = Debug|Any CPU
		{F4D27909-7798-4732-B1DD-D21CF8951DB0}.Debug|Any CPU.Build.0 = Debug|Any CPU
		{F4D27909-7798-4732-B1DD-D21CF8951DB0}.Release|Any CPU.ActiveCfg = Release|Any CPU
		{F4D27909-7798-4732-B1DD-D21CF8951DB0}.Release|Any CPU.Build.0 = Release|Any CPU
		{61491196-35E5-4E34-860C-A3E7A663D961}.Debug|Any CPU.ActiveCfg = Debug|Any CPU
		{61491196-35E5-4E34-860C-A3E7A663D961}.Debug|Any CPU.Build.0 = Debug|Any CPU
		{61491196-35E5-4E34-860C-A3E7A663D961}.Release|Any CPU.ActiveCfg = Release|Any CPU
		{61491196-35E5-4E34-860C-A3E7A663D961}.Release|Any CPU.Build.0 = Release|Any CPU
		{0705C4BD-3623-4493-930F-8ED7D222A46A}.Debug|Any CPU.ActiveCfg = Debug|Any CPU
		{0705C4BD-3623-4493-930F-8ED7D222A46A}.Debug|Any CPU.Build.0 = Debug|Any CPU
		{0705C4BD-3623-4493-930F-8ED7D222A46A}.Release|Any CPU.ActiveCfg = Release|Any CPU
		{0705C4BD-3623-4493-930F-8ED7D222A46A}.Release|Any CPU.Build.0 = Release|Any CPU
		{21E7E32D-5669-4838-A9BF-0A33D620D546}.Debug|Any CPU.ActiveCfg = Debug|Any CPU
		{21E7E32D-5669-4838-A9BF-0A33D620D546}.Debug|Any CPU.Build.0 = Debug|Any CPU
		{21E7E32D-5669-4838-A9BF-0A33D620D546}.Release|Any CPU.ActiveCfg = Release|Any CPU
		{21E7E32D-5669-4838-A9BF-0A33D620D546}.Release|Any CPU.Build.0 = Release|Any CPU
		{B2251345-08F2-46B5-9A28-B8B675C2F774}.Debug|Any CPU.ActiveCfg = Debug|Any CPU
		{B2251345-08F2-46B5-9A28-B8B675C2F774}.Debug|Any CPU.Build.0 = Debug|Any CPU
		{B2251345-08F2-46B5-9A28-B8B675C2F774}.Release|Any CPU.ActiveCfg = Release|Any CPU
		{B2251345-08F2-46B5-9A28-B8B675C2F774}.Release|Any CPU.Build.0 = Release|Any CPU
		{A5C58D3C-BA25-404B-A11E-71BFC58FA16F}.Debug|Any CPU.ActiveCfg = Debug|Any CPU
		{A5C58D3C-BA25-404B-A11E-71BFC58FA16F}.Debug|Any CPU.Build.0 = Debug|Any CPU
		{A5C58D3C-BA25-404B-A11E-71BFC58FA16F}.Release|Any CPU.ActiveCfg = Release|Any CPU
		{A5C58D3C-BA25-404B-A11E-71BFC58FA16F}.Release|Any CPU.Build.0 = Release|Any CPU
	EndGlobalSection
EndGlobal
