
Microsoft Visual Studio Solution File, Format Version 12.00
Project("{FAE04EC0-301F-11D3-BF4B-00C04F79EFBC}") = "WebApi", "WebApi\WebApi.csproj", "{FB91685B-CFC7-4AE3-914B-40858B07CDFC}"
EndProject
Global
	GlobalSection(SolutionConfigurationPlatforms) = preSolution
		Debug|Any CPU = Debug|Any CPU
		Release|Any CPU = Release|Any CPU
	EndGlobalSection
	GlobalSection(ProjectConfigurationPlatforms) = postSolution
		{FB91685B-CFC7-4AE3-914B-40858B07CDFC}.Debug|Any CPU.ActiveCfg = Debug|Any CPU
		{FB91685B-CFC7-4AE3-914B-40858B07CDFC}.Debug|Any CPU.Build.0 = Debug|Any CPU
		{FB91685B-CFC7-4AE3-914B-40858B07CDFC}.Release|Any CPU.ActiveCfg = Release|Any CPU
		{FB91685B-CFC7-4AE3-914B-40858B07CDFC}.Release|Any CPU.Build.0 = Release|Any CPU
	EndGlobalSection
EndGlobal
